Microsoft Visual Studio Solution File, Format Version 11.00
# Visual Studio 2008

Project("{90D30596-9957-BB9D-B781-CE60CDFAB29B}") = "Multiplayer - ChessWhizz", "Assembly-CSharp-firstpass.csproj", "{E56E85E5-9BD8-F207-376B-5084B4C6AF77}"
EndProject
Project("{90D30596-9957-BB9D-B781-CE60CDFAB29B}") = "Multiplayer - ChessWhizz", "Assembly-CSharp.csproj", "{6E6FD8F1-17B0-352F-13CA-4DDB97024EEA}"
EndProject
Project("{90D30596-9957-BB9D-B781-CE60CDFAB29B}") = "Multiplayer - ChessWhizz", "Assembly-CSharp-Editor.csproj", "{BB2367D5-F071-339A-AB34-FB37B6CD352F}"
EndProject
Global
	GlobalSection(SolutionConfigurationPlatforms) = preSolution
		Debug|Any CPU = Debug|Any CPU
		Release|Any CPU = Release|Any CPU
	EndGlobalSection
	GlobalSection(ProjectConfigurationPlatforms) = postSolution
		{E56E85E5-9BD8-F207-376B-5084B4C6AF77}.Debug|Any CPU.ActiveCfg = Debug|Any CPU
		{E56E85E5-9BD8-F207-376B-5084B4C6AF77}.Debug|Any CPU.Build.0 = Debug|Any CPU
		{E56E85E5-9BD8-F207-376B-5084B4C6AF77}.Release|Any CPU.ActiveCfg = Release|Any CPU
		{E56E85E5-9BD8-F207-376B-5084B4C6AF77}.Release|Any CPU.Build.0 = Release|Any CPU
		{6E6FD8F1-17B0-352F-13CA-4DDB97024EEA}.Debug|Any CPU.ActiveCfg = Debug|Any CPU
		{6E6FD8F1-17B0-352F-13CA-4DDB97024EEA}.Debug|Any CPU.Build.0 = Debug|Any CPU
		{6E6FD8F1-17B0-352F-13CA-4DDB97024EEA}.Release|Any CPU.ActiveCfg = Release|Any CPU
		{6E6FD8F1-17B0-352F-13CA-4DDB97024EEA}.Release|Any CPU.Build.0 = Release|Any CPU
		{BB2367D5-F071-339A-AB34-FB37B6CD352F}.Debug|Any CPU.ActiveCfg = Debug|Any CPU
		{BB2367D5-F071-339A-AB34-FB37B6CD352F}.Debug|Any CPU.Build.0 = Debug|Any CPU
		{BB2367D5-F071-339A-AB34-FB37B6CD352F}.Release|Any CPU.ActiveCfg = Release|Any CPU
		{BB2367D5-F071-339A-AB34-FB37B6CD352F}.Release|Any CPU.Build.0 = Release|Any CPU
	EndGlobalSection
	GlobalSection(SolutionProperties) = preSolution
		HideSolutionNode = FALSE
	EndGlobalSection
																																																																																																																																								GlobalSection(MonoDevelopProperties) = preSolution
		StartupItem = Assembly-CSharp.csproj
		Policies = $0
		$0.TextStylePolicy = $1
		$1.inheritsSet = null
		$1.scope = text/x-csharp
		$0.CSharpFormattingPolicy = $2
		$2.inheritsSet = Mono
		$2.inheritsScope = text/x-csharp
		$2.scope = text/x-csharp
		$0.TextStylePolicy = $3
		$3.FileWidth = 120
		$3.TabWidth = 4
		$3.IndentWidth = 4
		$3.EolMarker = Unix
		$3.inheritsSet = Mono
		$3.inheritsScope = text/plain
		$3.scope = text/plain
	EndGlobalSection
EndGlobal
